// !$*UTF8*$!
{
	archiveVersion = 1;
	classes = {
	};
	objectVersion = 77;
	objects = {

/* Begin PBXBuildFile section */
		02D4EB21EC1ABB48B885E35D /* pw_lod_bench.cpp in Sources */ = {isa = PBXBuildFile; fileRef = C66CF9FC3F76FFF1667BD37E /* pw_lod_bench.cpp */; settings = {COMPILER_FLAGS = "-fno-exceptions -fno-rtti -ffp-contract=off -fno-fast-math -Wall -Wextra"; }; };
		184B33C87819F3A5BE221616 /* bench.mm in Sources */ = {isa = PBXBuildFile; fileRef = 7BCCC2EA57D1CD5EC94B1D11 /* bench.mm */; };
		1E024F7C69B98DA18A38580A /* bench_cloud.mm in Sources */ = {isa = PBXBuildFile; fileRef = 3831DA4D722BA5671407BA40 /* bench_cloud.mm */; };
		2D1E86F3F0789804A9FB9A71 /* stream.cpp in Sources */ = {isa = PBXBuildFile; fileRef = 3758344042469A95C80DE4D2 /* stream.cpp */; settings = {COMPILER_FLAGS = "-fno-exceptions -fno-rtti -ffp-contract=off -fno-fast-math -Wall -Wextra"; }; };
		46AF855F7563AD411979C70F /* bench_points.mm in Sources */ = {isa = PBXBuildFile; fileRef = 12313206024BED232D12D685 /* bench_points.mm */; };
		487F237018B7D777A4BE5A96 /* octree.cpp in Sources */ = {isa = PBXBuildFile; fileRef = 08ED666E88E332307118BC11 /* octree.cpp */; settings = {COMPILER_FLAGS = "-fno-exceptions -fno-rtti -ffp-contract=off -fno-fast-math -Wall -Wextra"; }; };
		58E23E23CC6FDD67B4A617D5 /* App.swift in Sources */ = {isa = PBXBuildFile; fileRef = 3763282CE2B6361735E0BB3D /* App.swift */; };
		6A1C8217D753BAB8E23CDC3A /* MetalKit.framework in Frameworks */ = {isa = PBXBuildFile; fileRef = 38CE35B2FFF337D871A8DBAD /* MetalKit.framework */; };
		DCF706EB0DBB0EC4C079EC55 /* QuartzCore.framework in Frameworks */ = {isa = PBXBuildFile; fileRef = CB78AF5C8A38CA009A2959F1 /* QuartzCore.framework */; };
		E73DB2CD09E79CF1B503186B /* Metal.framework in Frameworks */ = {isa = PBXBuildFile; fileRef = B7027AACEB08F33328B46EA6 /* Metal.framework */; };
		F4886B229860E1E0EBAD1054 /* select.cpp in Sources */ = {isa = PBXBuildFile; fileRef = 26F7CD0139407A9B123DFF66 /* select.cpp */; settings = {COMPILER_FLAGS = "-fno-exceptions -fno-rtti -ffp-contract=off -fno-fast-math -Wall -Wextra"; }; };
		F5DF660542B60222499DA96D /* IOSurface.framework in Frameworks */ = {isa = PBXBuildFile; fileRef = 27D5F5EBDA6402150BE9A419 /* IOSurface.framework */; };
		FA91A4832CC848FAAAF0CC3E /* CoreVideo.framework in Frameworks */ = {isa = PBXBuildFile; fileRef = AD4F3F92D03ECFBACF6E555F /* CoreVideo.framework */; };
/* End PBXBuildFile section */

/* Begin PBXFileReference section */
		08ED666E88E332307118BC11 /* octree.cpp */ = {isa = PBXFileReference; lastKnownFileType = sourcecode.cpp.cpp; path = octree.cpp; sourceTree = "<group>"; };
		12313206024BED232D12D685 /* bench_points.mm */ = {isa = PBXFileReference; lastKnownFileType = sourcecode.cpp.objcpp; path = bench_points.mm; sourceTree = "<group>"; };
		26F7CD0139407A9B123DFF66 /* select.cpp */ = {isa = PBXFileReference; lastKnownFileType = sourcecode.cpp.cpp; path = select.cpp; sourceTree = "<group>"; };
		27D5F5EBDA6402150BE9A419 /* IOSurface.framework */ = {isa = PBXFileReference; lastKnownFileType = wrapper.framework; name = IOSurface.framework; path = System/Library/Frameworks/IOSurface.framework; sourceTree = SDKROOT; };
		3758344042469A95C80DE4D2 /* stream.cpp */ = {isa = PBXFileReference; lastKnownFileType = sourcecode.cpp.cpp; path = stream.cpp; sourceTree = "<group>"; };
		3763282CE2B6361735E0BB3D /* App.swift */ = {isa = PBXFileReference; lastKnownFileType = sourcecode.swift; path = App.swift; sourceTree = "<group>"; };
		3831DA4D722BA5671407BA40 /* bench_cloud.mm */ = {isa = PBXFileReference; lastKnownFileType = sourcecode.cpp.objcpp; path = bench_cloud.mm; sourceTree = "<group>"; };
		38CE35B2FFF337D871A8DBAD /* MetalKit.framework */ = {isa = PBXFileReference; lastKnownFileType = wrapper.framework; name = MetalKit.framework; path = System/Library/Frameworks/MetalKit.framework; sourceTree = SDKROOT; };
		7BCCC2EA57D1CD5EC94B1D11 /* bench.mm */ = {isa = PBXFileReference; lastKnownFileType = sourcecode.cpp.objcpp; path = bench.mm; sourceTree = "<group>"; };
		7BFBC8C6C6626BEA22040BDA /* wgsl_arms.h */ = {isa = PBXFileReference; lastKnownFileType = sourcecode.c.h; path = wgsl_arms.h; sourceTree = "<group>"; };
		A8DA5B802B2E355F0FBF1FAD /* pw_lod_bench.h */ = {isa = PBXFileReference; lastKnownFileType = sourcecode.c.h; path = pw_lod_bench.h; sourceTree = "<group>"; };
		AD4F3F92D03ECFBACF6E555F /* CoreVideo.framework */ = {isa = PBXFileReference; lastKnownFileType = wrapper.framework; name = CoreVideo.framework; path = System/Library/Frameworks/CoreVideo.framework; sourceTree = SDKROOT; };
		B1986EF6D961F75CB57E8902 /* Bridging.h */ = {isa = PBXFileReference; lastKnownFileType = sourcecode.c.h; path = Bridging.h; sourceTree = "<group>"; };
		B7027AACEB08F33328B46EA6 /* Metal.framework */ = {isa = PBXFileReference; lastKnownFileType = wrapper.framework; name = Metal.framework; path = System/Library/Frameworks/Metal.framework; sourceTree = SDKROOT; };
		C66CF9FC3F76FFF1667BD37E /* pw_lod_bench.cpp */ = {isa = PBXFileReference; lastKnownFileType = sourcecode.cpp.cpp; path = pw_lod_bench.cpp; sourceTree = "<group>"; };
		CB78AF5C8A38CA009A2959F1 /* QuartzCore.framework */ = {isa = PBXFileReference; lastKnownFileType = wrapper.framework; name = QuartzCore.framework; path = System/Library/Frameworks/QuartzCore.framework; sourceTree = SDKROOT; };
		F33B34B34AADCAC07ACA6DA4 /* PWSplatAB.app */ = {isa = PBXFileReference; includeInIndex = 0; lastKnownFileType = wrapper.application; path = PWSplatAB.app; sourceTree = BUILT_PRODUCTS_DIR; };
/* End PBXFileReference section */

/* Begin PBXFrameworksBuildPhase section */
		6F8FB0B468455A3640E20D73 /* Frameworks */ = {
			isa = PBXFrameworksBuildPhase;
			buildActionMask = 2147483647;
			files = (
				E73DB2CD09E79CF1B503186B /* Metal.framework in Frameworks */,
				6A1C8217D753BAB8E23CDC3A /* MetalKit.framework in Frameworks */,
				FA91A4832CC848FAAAF0CC3E /* CoreVideo.framework in Frameworks */,
				F5DF660542B60222499DA96D /* IOSurface.framework in Frameworks */,
				DCF706EB0DBB0EC4C079EC55 /* QuartzCore.framework in Frameworks */,
			);
			runOnlyForDeploymentPostprocessing = 0;
		};
/* End PBXFrameworksBuildPhase section */

/* Begin PBXGroup section */
		69B1028A6EED32A6F76408AA /* src */ = {
			isa = PBXGroup;
			children = (
				08ED666E88E332307118BC11 /* octree.cpp */,
				26F7CD0139407A9B123DFF66 /* select.cpp */,
				3758344042469A95C80DE4D2 /* stream.cpp */,
			);
			name = src;
			path = third_party/aether_pointcloud_lod/src;
			sourceTree = "<group>";
		};
		93129C9A7E1B077C0C007AE4 /* lod */ = {
			isa = PBXGroup;
			children = (
				C66CF9FC3F76FFF1667BD37E /* pw_lod_bench.cpp */,
				A8DA5B802B2E355F0FBF1FAD /* pw_lod_bench.h */,
			);
			path = lod;
			sourceTree = "<group>";
		};
		ADDB0C099E63E295436DAD92 /* Products */ = {
			isa = PBXGroup;
			children = (
				F33B34B34AADCAC07ACA6DA4 /* PWSplatAB.app */,
			);
			name = Products;
			sourceTree = "<group>";
		};
		D9330A6109EF4881E1031244 /* Frameworks */ = {
			isa = PBXGroup;
			children = (
				AD4F3F92D03ECFBACF6E555F /* CoreVideo.framework */,
				27D5F5EBDA6402150BE9A419 /* IOSurface.framework */,
				B7027AACEB08F33328B46EA6 /* Metal.framework */,
				38CE35B2FFF337D871A8DBAD /* MetalKit.framework */,
				CB78AF5C8A38CA009A2959F1 /* QuartzCore.framework */,
			);
			name = Frameworks;
			sourceTree = "<group>";
		};
		DA19B78D80D20C101E006C6D = {
			isa = PBXGroup;
			children = (
				E0732EE598ECA3A5E0981736 /* Sources */,
				69B1028A6EED32A6F76408AA /* src */,
				D9330A6109EF4881E1031244 /* Frameworks */,
				ADDB0C099E63E295436DAD92 /* Products */,
			);
			sourceTree = "<group>";
		};
		E0732EE598ECA3A5E0981736 /* Sources */ = {
			isa = PBXGroup;
			children = (
				3763282CE2B6361735E0BB3D /* App.swift */,
				3831DA4D722BA5671407BA40 /* bench_cloud.mm */,
				12313206024BED232D12D685 /* bench_points.mm */,
				7BCCC2EA57D1CD5EC94B1D11 /* bench.mm */,
				B1986EF6D961F75CB57E8902 /* Bridging.h */,
				7BFBC8C6C6626BEA22040BDA /* wgsl_arms.h */,
				93129C9A7E1B077C0C007AE4 /* lod */,
			);
			path = Sources;
			sourceTree = "<group>";
		};
/* End PBXGroup section */

/* Begin PBXNativeTarget section */
		B1433A8871E2952ACB329C20 /* PWSplatAB */ = {
			isa = PBXNativeTarget;
			buildConfigurationList = C60FC4069EB1B010A0D427F7 /* Build configuration list for PBXNativeTarget "PWSplatAB" */;
			buildPhases = (
				B679359DD833B46A609881D1 /* Sources */,
				6F8FB0B468455A3640E20D73 /* Frameworks */,
			);
			buildRules = (
			);
			dependencies = (
			);
			name = PWSplatAB;
			packageProductDependencies = (
			);
			productName = PWSplatAB;
			productReference = F33B34B34AADCAC07ACA6DA4 /* PWSplatAB.app */;
			productType = "com.apple.product-type.application";
		};
/* End PBXNativeTarget section */

/* Begin PBXProject section */
		59C9E6C737BB5BE97C9DFF78 /* Project object */ = {
			isa = PBXProject;
			attributes = {
				BuildIndependentTargetsInParallel = YES;
				LastUpgradeCheck = 1430;
				TargetAttributes = {
					B1433A8871E2952ACB329C20 = {
						DevelopmentTeam = 26AH7V448L;
					};
				};
			};
			buildConfigurationList = 8CDD54CD95302525C9FD1D9F /* Build configuration list for PBXProject "PWSplatAB" */;
			compatibilityVersion = "Xcode 14.0";
			developmentRegion = en;
			hasScannedForEncodings = 0;
			knownRegions = (
				Base,
				en,
			);
			mainGroup = DA19B78D80D20C101E006C6D;
			minimizedProjectReferenceProxies = 1;
			preferredProjectObjectVersion = 77;
			projectDirPath = "";
			projectRoot = "";
			targets = (
				B1433A8871E2952ACB329C20 /* PWSplatAB */,
			);
		};
/* End PBXProject section */

/* Begin PBXSourcesBuildPhase section */
		B679359DD833B46A609881D1 /* Sources */ = {
			isa = PBXSourcesBuildPhase;
			buildActionMask = 2147483647;
			files = (
				58E23E23CC6FDD67B4A617D5 /* App.swift in Sources */,
				184B33C87819F3A5BE221616 /* bench.mm in Sources */,
				1E024F7C69B98DA18A38580A /* bench_cloud.mm in Sources */,
				46AF855F7563AD411979C70F /* bench_points.mm in Sources */,
				487F237018B7D777A4BE5A96 /* octree.cpp in Sources */,
				02D4EB21EC1ABB48B885E35D /* pw_lod_bench.cpp in Sources */,
				F4886B229860E1E0EBAD1054 /* select.cpp in Sources */,
				2D1E86F3F0789804A9FB9A71 /* stream.cpp in Sources */,
			);
			runOnlyForDeploymentPostprocessing = 0;
		};
/* End PBXSourcesBuildPhase section */

/* Begin XCBuildConfiguration section */
		29A5A341AB4FD4C32745CB09 /* Release */ = {
			isa = XCBuildConfiguration;
			buildSettings = {
				ALWAYS_SEARCH_USER_PATHS = NO;
				CLANG_ANALYZER_NONNULL = YES;
				CLANG_ANALYZER_NUMBER_OBJECT_CONVERSION = YES_AGGRESSIVE;
				CLANG_CXX_LANGUAGE_STANDARD = "gnu++14";
				CLANG_CXX_LIBRARY = "libc++";
				CLANG_ENABLE_MODULES = YES;
				CLANG_ENABLE_OBJC_ARC = YES;
				CLANG_ENABLE_OBJC_WEAK = YES;
				CLANG_WARN_BLOCK_CAPTURE_AUTORELEASING = YES;
				CLANG_WARN_BOOL_CONVERSION = YES;
				CLANG_WARN_COMMA = YES;
				CLANG_WARN_CONSTANT_CONVERSION = YES;
				CLANG_WARN_DEPRECATED_OBJC_IMPLEMENTATIONS = YES;
				CLANG_WARN_DIRECT_OBJC_ISA_USAGE = YES_ERROR;
				CLANG_WARN_DOCUMENTATION_COMMENTS = YES;
				CLANG_WARN_EMPTY_BODY = YES;
				CLANG_WARN_ENUM_CONVERSION = YES;
				CLANG_WARN_INFINITE_RECURSION = YES;
				CLANG_WARN_INT_CONVERSION = YES;
				CLANG_WARN_NON_LITERAL_NULL_CONVERSION = YES;
				CLANG_WARN_OBJC_IMPLICIT_RETAIN_SELF = YES;
				CLANG_WARN_OBJC_LITERAL_CONVERSION = YES;
				CLANG_WARN_OBJC_ROOT_CLASS = YES_ERROR;
				CLANG_WARN_QUOTED_INCLUDE_IN_FRAMEWORK_HEADER = YES;
				CLANG_WARN_RANGE_LOOP_ANALYSIS = YES;
				CLANG_WARN_STRICT_PROTOTYPES = YES;
				CLANG_WARN_SUSPICIOUS_MOVE = YES;
				CLANG_WARN_UNGUARDED_AVAILABILITY = YES_AGGRESSIVE;
				CLANG_WARN_UNREACHABLE_CODE = YES;
				CLANG_WARN__DUPLICATE_METHOD_MATCH = YES;
				COPY_PHASE_STRIP = NO;
				DEBUG_INFORMATION_FORMAT = "dwarf-with-dsym";
				ENABLE_NS_ASSERTIONS = NO;
				ENABLE_STRICT_OBJC_MSGSEND = YES;
				GCC_C_LANGUAGE_STANDARD = gnu11;
				GCC_NO_COMMON_BLOCKS = YES;
				GCC_WARN_64_TO_32_BIT_CONVERSION = YES;
				GCC_WARN_ABOUT_RETURN_TYPE = YES_ERROR;
				GCC_WARN_UNDECLARED_SELECTOR = YES;
				GCC_WARN_UNINITIALIZED_AUTOS = YES_AGGRESSIVE;
				GCC_WARN_UNUSED_FUNCTION = YES;
				GCC_WARN_UNUSED_VARIABLE = YES;
				IPHONEOS_DEPLOYMENT_TARGET = 16.0;
				MTL_ENABLE_DEBUG_INFO = NO;
				MTL_FAST_MATH = YES;
				PRODUCT_NAME = "$(TARGET_NAME)";
				SDKROOT = iphoneos;
				SWIFT_COMPILATION_MODE = wholemodule;
				SWIFT_OPTIMIZATION_LEVEL = "-O";
				SWIFT_VERSION = 5.0;
			};
			name = Release;
		};
		45114E766218CB1DE81EF6A7 /* Debug */ = {
			isa = XCBuildConfiguration;
			buildSettings = {
				ASSETCATALOG_COMPILER_APPICON_NAME = AppIcon;
				CLANG_CXX_LANGUAGE_STANDARD = "gnu++17";
				CLANG_CXX_LIBRARY = "libc++";
				CLANG_ENABLE_OBJC_ARC = YES;
				CODE_SIGN_IDENTITY = "iPhone Developer";
				DEVELOPMENT_TEAM = 26AH7V448L;
				ENABLE_BITCODE = NO;
				GCC_OPTIMIZATION_LEVEL = 3;
				GENERATE_INFOPLIST_FILE = YES;
				HEADER_SEARCH_PATHS = (
					"$(SRCROOT)/third_party/aether_pointcloud_lod/include",
					"$(SRCROOT)/third_party/aether_pointcloud_lod/third_party",
					"~/Developer/Aether3D-cross/aether_cpp/third_party/dawn/include",
					"~/Developer/Aether3D-cross/aether_cpp/build-ios-device-dawn/third_party/dawn/gen/include",
				);
				INFOPLIST_KEY_UILaunchScreen_Generation = YES;
				LD_RUNPATH_SEARCH_PATHS = (
					"$(inherited)",
					"@executable_path/Frameworks",
				);
				OTHER_LDFLAGS = (
					"-ObjC",
					"-force_load",
					"~/Developer/Aether3D-cross/aether_cpp/build-ios-device-dawn/third_party/dawn/src/dawn/native/Release-iphoneos/libwebgpu_dawn.a",
					"-lc++",
				);
				PRODUCT_BUNDLE_IDENTIFIER = com.kyle.PWSplatAB;
				SDKROOT = iphoneos;
				SWIFT_OBJC_BRIDGING_HEADER = Sources/Bridging.h;
				TARGETED_DEVICE_FAMILY = "1,2";
			};
			name = Debug;
		};
		631F0DCA50A3943DA1A6C4CC /* Debug */ = {
			isa = XCBuildConfiguration;
			buildSettings = {
				ALWAYS_SEARCH_USER_PATHS = NO;
				CLANG_ANALYZER_NONNULL = YES;
				CLANG_ANALYZER_NUMBER_OBJECT_CONVERSION = YES_AGGRESSIVE;
				CLANG_CXX_LANGUAGE_STANDARD = "gnu++14";
				CLANG_CXX_LIBRARY = "libc++";
				CLANG_ENABLE_MODULES = YES;
				CLANG_ENABLE_OBJC_ARC = YES;
				CLANG_ENABLE_OBJC_WEAK = YES;
				CLANG_WARN_BLOCK_CAPTURE_AUTORELEASING = YES;
				CLANG_WARN_BOOL_CONVERSION = YES;
				CLANG_WARN_COMMA = YES;
				CLANG_WARN_CONSTANT_CONVERSION = YES;
				CLANG_WARN_DEPRECATED_OBJC_IMPLEMENTATIONS = YES;
				CLANG_WARN_DIRECT_OBJC_ISA_USAGE = YES_ERROR;
				CLANG_WARN_DOCUMENTATION_COMMENTS = YES;
				CLANG_WARN_EMPTY_BODY = YES;
				CLANG_WARN_ENUM_CONVERSION = YES;
				CLANG_WARN_INFINITE_RECURSION = YES;
				CLANG_WARN_INT_CONVERSION = YES;
				CLANG_WARN_NON_LITERAL_NULL_CONVERSION = YES;
				CLANG_WARN_OBJC_IMPLICIT_RETAIN_SELF = YES;
				CLANG_WARN_OBJC_LITERAL_CONVERSION = YES;
				CLANG_WARN_OBJC_ROOT_CLASS = YES_ERROR;
				CLANG_WARN_QUOTED_INCLUDE_IN_FRAMEWORK_HEADER = YES;
				CLANG_WARN_RANGE_LOOP_ANALYSIS = YES;
				CLANG_WARN_STRICT_PROTOTYPES = YES;
				CLANG_WARN_SUSPICIOUS_MOVE = YES;
				CLANG_WARN_UNGUARDED_AVAILABILITY = YES_AGGRESSIVE;
				CLANG_WARN_UNREACHABLE_CODE = YES;
				CLANG_WARN__DUPLICATE_METHOD_MATCH = YES;
				COPY_PHASE_STRIP = NO;
				DEBUG_INFORMATION_FORMAT = dwarf;
				ENABLE_STRICT_OBJC_MSGSEND = YES;
				ENABLE_TESTABILITY = YES;
				GCC_C_LANGUAGE_STANDARD = gnu11;
				GCC_DYNAMIC_NO_PIC = NO;
				GCC_NO_COMMON_BLOCKS = YES;
				GCC_OPTIMIZATION_LEVEL = 0;
				GCC_PREPROCESSOR_DEFINITIONS = (
					"$(inherited)",
					"DEBUG=1",
				);
				GCC_WARN_64_TO_32_BIT_CONVERSION = YES;
				GCC_WARN_ABOUT_RETURN_TYPE = YES_ERROR;
				GCC_WARN_UNDECLARED_SELECTOR = YES;
				GCC_WARN_UNINITIALIZED_AUTOS = YES_AGGRESSIVE;
				GCC_WARN_UNUSED_FUNCTION = YES;
				GCC_WARN_UNUSED_VARIABLE = YES;
				IPHONEOS_DEPLOYMENT_TARGET = 16.0;
				MTL_ENABLE_DEBUG_INFO = INCLUDE_SOURCE;
				MTL_FAST_MATH = YES;
				ONLY_ACTIVE_ARCH = YES;
				PRODUCT_NAME = "$(TARGET_NAME)";
				SDKROOT = iphoneos;
				SWIFT_ACTIVE_COMPILATION_CONDITIONS = DEBUG;
				SWIFT_OPTIMIZATION_LEVEL = "-Onone";
				SWIFT_VERSION = 5.0;
			};
			name = Debug;
		};
		8A5240685ACA5E671799F10B /* Release */ = {
			isa = XCBuildConfiguration;
			buildSettings = {
				ASSETCATALOG_COMPILER_APPICON_NAME = AppIcon;
				CLANG_CXX_LANGUAGE_STANDARD = "gnu++17";
				CLANG_CXX_LIBRARY = "libc++";
				CLANG_ENABLE_OBJC_ARC = YES;
				CODE_SIGN_IDENTITY = "iPhone Developer";
				DEVELOPMENT_TEAM = 26AH7V448L;
				ENABLE_BITCODE = NO;
				GCC_OPTIMIZATION_LEVEL = 3;
				GENERATE_INFOPLIST_FILE = YES;
				HEADER_SEARCH_PATHS = (
					"$(SRCROOT)/third_party/aether_pointcloud_lod/include",
					"$(SRCROOT)/third_party/aether_pointcloud_lod/third_party",
					"~/Developer/Aether3D-cross/aether_cpp/third_party/dawn/include",
					"~/Developer/Aether3D-cross/aether_cpp/build-ios-device-dawn/third_party/dawn/gen/include",
				);
				INFOPLIST_KEY_UILaunchScreen_Generation = YES;
				LD_RUNPATH_SEARCH_PATHS = (
					"$(inherited)",
					"@executable_path/Frameworks",
				);
				OTHER_LDFLAGS = (
					"-ObjC",
					"-force_load",
					"~/Developer/Aether3D-cross/aether_cpp/build-ios-device-dawn/third_party/dawn/src/dawn/native/Release-iphoneos/libwebgpu_dawn.a",
					"-lc++",
				);
				PRODUCT_BUNDLE_IDENTIFIER = com.kyle.PWSplatAB;
				SDKROOT = iphoneos;
				SWIFT_OBJC_BRIDGING_HEADER = Sources/Bridging.h;
				TARGETED_DEVICE_FAMILY = "1,2";
			};
			name = Release;
		};
/* End XCBuildConfiguration section */

/* Begin XCConfigurationList section */
		8CDD54CD95302525C9FD1D9F /* Build configuration list for PBXProject "PWSplatAB" */ = {
			isa = XCConfigurationList;
			buildConfigurations = (
				631F0DCA50A3943DA1A6C4CC /* Debug */,
				29A5A341AB4FD4C32745CB09 /* Release */,
			);
			defaultConfigurationIsVisible = 0;
			defaultConfigurationName = Debug;
		};
		C60FC4069EB1B010A0D427F7 /* Build configuration list for PBXNativeTarget "PWSplatAB" */ = {
			isa = XCConfigurationList;
			buildConfigurations = (
				45114E766218CB1DE81EF6A7 /* Debug */,
				8A5240685ACA5E671799F10B /* Release */,
			);
			defaultConfigurationIsVisible = 0;
			defaultConfigurationName = Debug;
		};
/* End XCConfigurationList section */
	};
	rootObject = 59C9E6C737BB5BE97C9DFF78 /* Project object */;
}
