PODS:
  - Flutter (1.0.0)
  - path_provider_foundation (0.0.1):
    - Flutter
    - FlutterMacOS
  - sensors_plus (0.0.1):
    - Flutter
  - thermion_flutter (0.0.1):
    - Flutter

DEPENDENCIES:
  - Flutter (from `Flutter`)
  - path_provider_foundation (from `.symlinks/plugins/path_provider_foundation/darwin`)
  - sensors_plus (from `.symlinks/plugins/sensors_plus/ios`)
  - thermion_flutter (from `.symlinks/plugins/thermion_flutter/ios`)

EXTERNAL SOURCES:
  Flutter:
    :path: Flutter
  path_provider_foundation:
    :path: ".symlinks/plugins/path_provider_foundation/darwin"
  sensors_plus:
    :path: ".symlinks/plugins/sensors_plus/ios"
  thermion_flutter:
    :path: ".symlinks/plugins/thermion_flutter/ios"

SPEC CHECKSUMS:
  Flutter: 71a624a5bc0c04062bf19101d501e466baf2fb47
  path_provider_foundation: bb55f6dbba17d0dccd6737fe6f7f34fbd0376880
  sensors_plus: b70a93b69dafdabd26ce4ac3f4d0529ab9acc4ca
  thermion_flutter: d0c4adbb1de69e5ecc244d70bbde81d8497246b2

PODFILE CHECKSUM: 85eed3bcaf725446055e8ab50f3e206c16049855

COCOAPODS: 1.16.2
